
Microsoft Visual Studio Solution File, Format Version 12.00
# Visual Studio 14
VisualStudioVersion = 14.0.25420.1
MinimumVisualStudioVersion = 10.0.40219.1
Project("{8BB2217D-0F2D-49D1-97BC-3654ED321F3B}") = "Microsoft.Extensions.Logging.Slack", "Microsoft.Extensions.Logging.Slack\Microsoft.Extensions.Logging.Slack.xproj", "{04BF7D5D-F0B5-401C-A821-6F6B75B48054}"
EndProject
Project("{8BB2217D-0F2D-49D1-97BC-3654ED321F3B}") = "Microsoft.Extensions.Logging.Slack.Tests", "Microsoft.Extensions.Logging.Slack.Tests\Microsoft.Extensions.Logging.Slack.Tests.xproj", "{EC7EC1FC-BF60-425D-A9D5-FB2882C17A27}"
EndProject
Global
	GlobalSection(SolutionConfigurationPlatforms) = preSolution
		Debug|Any CPU = Debug|Any CPU
		Release|Any CPU = Release|Any CPU
	EndGlobalSection
	GlobalSection(ProjectConfigurationPlatforms) = postSolution
		{04BF7D5D-F0B5-401C-A821-6F6B75B48054}.Debug|Any CPU.ActiveCfg = Debug|Any CPU
		{04BF7D5D-F0B5-401C-A821-6F6B75B48054}.Debug|Any CPU.Build.0 = Debug|Any CPU
		{04BF7D5D-F0B5-401C-A821-6F6B75B48054}.Release|Any CPU.ActiveCfg = Release|Any CPU
		{04BF7D5D-F0B5-401C-A821-6F6B75B48054}.Release|Any CPU.Build.0 = Release|Any CPU
		{EC7EC1FC-BF60-425D-A9D5-FB2882C17A27}.Debug|Any CPU.ActiveCfg = Debug|Any CPU
		{EC7EC1FC-BF60-425D-A9D5-FB2882C17A27}.Debug|Any CPU.Build.0 = Debug|Any CPU
		{EC7EC1FC-BF60-425D-A9D5-FB2882C17A27}.Release|Any CPU.ActiveCfg = Release|Any CPU
		{EC7EC1FC-BF60-425D-A9D5-FB2882C17A27}.Release|Any CPU.Build.0 = Release|Any CPU
	EndGlobalSection
	GlobalSection(SolutionProperties) = preSolution
		HideSolutionNode = FALSE
	EndGlobalSection
EndGlobal
